
Microsoft Visual Studio Solution File, Format Version 12.00
# Visual Studio 15
VisualStudioVersion = 15.0.28010.2048
MinimumVisualStudioVersion = 10.0.40219.1
Project("{FAE04EC0-301F-11D3-BF4B-00C04F79EFBC}") = "Client", "Client\Client.csproj", "{D667A288-97A8-447C-8558-ECAE7FF8B3EE}"
EndProject
Project("{FAE04EC0-301F-11D3-BF4B-00C04F79EFBC}") = "TupleSpace", "TupleSpace\TupleSpace.csproj", "{F8247279-B6E4-4721-944A-563D08B5EAA7}"
EndProject
Global
	GlobalSection(SolutionConfigurationPlatforms) = preSolution
		Debug|Any CPU = Debug|Any CPU
		Release|Any CPU = Release|Any CPU
	EndGlobalSection
	GlobalSection(ProjectConfigurationPlatforms) = postSolution
		{D667A288-97A8-447C-8558-ECAE7FF8B3EE}.Debug|Any CPU.ActiveCfg = Debug|Any CPU
		{D667A288-97A8-447C-8558-ECAE7FF8B3EE}.Debug|Any CPU.Build.0 = Debug|Any CPU
		{D667A288-97A8-447C-8558-ECAE7FF8B3EE}.Release|Any CPU.ActiveCfg = Release|Any CPU
		{D667A288-97A8-447C-8558-ECAE7FF8B3EE}.Release|Any CPU.Build.0 = Release|Any CPU
		{F8247279-B6E4-4721-944A-563D08B5EAA7}.Debug|Any CPU.ActiveCfg = Debug|Any CPU
		{F8247279-B6E4-4721-944A-563D08B5EAA7}.Debug|Any CPU.Build.0 = Debug|Any CPU
		{F8247279-B6E4-4721-944A-563D08B5EAA7}.Release|Any CPU.ActiveCfg = Release|Any CPU
		{F8247279-B6E4-4721-944A-563D08B5EAA7}.Release|Any CPU.Build.0 = Release|Any CPU
	EndGlobalSection
	GlobalSection(SolutionProperties) = preSolution
		HideSolutionNode = FALSE
	EndGlobalSection
	GlobalSection(ExtensibilityGlobals) = postSolution
		SolutionGuid = {507B74ED-B94F-4D29-A3EA-20CE80EAD983}
	EndGlobalSection
	GlobalSection(MonoDevelopProperties) = preSolution
		Policies = $0
		$0.DotNetNamingPolicy = $1
		$1.DirectoryNamespaceAssociation = PrefixedHierarchical
		$0.TextStylePolicy = $2
		$2.inheritsSet = null
		$2.scope = text/x-csharp
		$0.CSharpFormattingPolicy = $3
		$3.NewLinesForBracesInTypes = False
		$3.NewLinesForBracesInMethods = False
		$3.NewLinesForBracesInProperties = False
		$3.NewLinesForBracesInAccessors = False
		$3.NewLinesForBracesInAnonymousMethods = False
		$3.NewLinesForBracesInControlBlocks = False
		$3.NewLinesForBracesInAnonymousTypes = False
		$3.NewLinesForBracesInObjectCollectionArrayInitializers = False
		$3.NewLinesForBracesInLambdaExpressionBody = False
		$3.NewLineForMembersInAnonymousTypes = False
		$3.scope = text/x-csharp
		$0.TextStylePolicy = $4
		$4.FileWidth = 80
		$4.TabsToSpaces = True
		$4.EolMarker = Windows
		$4.scope = text/plain
		$0.TextStylePolicy = $5
		$5.inheritsSet = null
		$5.scope = application/config+xml
		$0.XmlFormattingPolicy = $6
		$6.inheritsSet = null
		$6.scope = application/config+xml
		$0.TextStylePolicy = $7
		$7.inheritsSet = null
		$7.scope = application/xml
		$0.XmlFormattingPolicy = $8
		$8.scope = application/xml
		$0.TextStylePolicy = $9
		$9.inheritsSet = null
		$9.scope = application/x-csproject
		$0.XmlFormattingPolicy = $10
		$10.inheritsSet = null
		$10.scope = application/x-csproject
		$0.TextStylePolicy = $11
		$11.inheritsSet = null
		$11.scope = application/x-msbuild
		$0.XmlFormattingPolicy = $12
		$12.inheritsSet = null
		$12.scope = application/x-msbuild
		$0.TextStylePolicy = $13
		$13.inheritsSet = null
		$13.scope = application/x-sln
		$0.StandardHeader = $14
	EndGlobalSection
EndGlobal
